
Microsoft Visual Studio Solution File, Format Version 12.00
# Visual Studio Version 16
VisualStudioVersion = 16.0.31205.134
MinimumVisualStudioVersion = 10.0.40219.1
Project("{FAE04EC0-301F-11D3-BF4B-00C04F79EFBC}") = "ByteBankHeranca", "ByteBankHeranca\ByteBankHeranca.csproj", "{51588D23-9691-4B85-87BC-FB0292CDFEAE}"
EndProject
Global
	GlobalSection(SolutionConfigurationPlatforms) = preSolution
		Debug|Any CPU = Debug|Any CPU
		Release|Any CPU = Release|Any CPU
	EndGlobalSection
	GlobalSection(ProjectConfigurationPlatforms) = postSolution
		{51588D23-9691-4B85-87BC-FB0292CDFEAE}.Debug|Any CPU.ActiveCfg = Debug|Any CPU
		{51588D23-9691-4B85-87BC-FB0292CDFEAE}.Debug|Any CPU.Build.0 = Debug|Any CPU
		{51588D23-9691-4B85-87BC-FB0292CDFEAE}.Release|Any CPU.ActiveCfg = Release|Any CPU
		{51588D23-9691-4B85-87BC-FB0292CDFEAE}.Release|Any CPU.Build.0 = Release|Any CPU
	EndGlobalSection
	GlobalSection(SolutionProperties) = preSolution
		HideSolutionNode = FALSE
	EndGlobalSection
	GlobalSection(ExtensibilityGlobals) = postSolution
		SolutionGuid = {8A6AE095-C9F9-4736-B238-2D176A9E3357}
	EndGlobalSection
EndGlobal
